
Microsoft Visual Studio Solution File, Format Version 12.00
# Visual Studio 15
VisualStudioVersion = 15.0.27703.2035
MinimumVisualStudioVersion = 10.0.40219.1
Project("{2150E333-8FDC-42A3-9474-1A3956D46DE8}") = "la", "la", "{1AFF4004-3266-4742-A39E-EA5FBA1BE241}"
EndProject
Project("{9A19103F-16F7-4668-BE54-9A1E7A4F7556}") = "Aldsoft.Acord.Tests", "Aldsoft.Acord.Tests\Aldsoft.Acord.Tests.csproj", "{386443B3-F660-45CC-8898-C5A14D7C637D}"
EndProject
Project("{9A19103F-16F7-4668-BE54-9A1E7A4F7556}") = "Aldsoft.Acord.LA.2.34.00", "Aldsoft.Acord.LA.2.34.00\Aldsoft.Acord.LA.2.34.00.csproj", "{5CF70991-57ED-4B7E-9734-9D76A90F0E2A}"
	ProjectSection(ProjectDependencies) = postProject
		{EC57A9FC-938A-45D3-97E0-08D00DE06392} = {EC57A9FC-938A-45D3-97E0-08D00DE06392}
	EndProjectSection
EndProject
Project("{9A19103F-16F7-4668-BE54-9A1E7A4F7556}") = "Aldsoft.Acord.LA.2.35.00", "Aldsoft.Acord.LA.2.35.00\Aldsoft.Acord.LA.2.35.00.csproj", "{142DEF4E-9B82-411F-A5D6-88D3DB2CDE29}"
	ProjectSection(ProjectDependencies) = postProject
		{EC57A9FC-938A-45D3-97E0-08D00DE06392} = {EC57A9FC-938A-45D3-97E0-08D00DE06392}
	EndProjectSection
EndProject
Project("{D954291E-2A0B-460D-934E-DC6B0785DB48}") = "Aldsoft.Acord.LA", "Aldsoft.Acord.LA\Aldsoft.Acord.LA.shproj", "{1410E97C-B48B-421E-B9A6-D4B4E84E947E}"
EndProject
Project("{9A19103F-16F7-4668-BE54-9A1E7A4F7556}") = "Aldsoft.Acord.TT", "Aldsoft.Acord.TT\Aldsoft.Acord.TT.csproj", "{EC57A9FC-938A-45D3-97E0-08D00DE06392}"
EndProject
Project("{2150E333-8FDC-42A3-9474-1A3956D46DE8}") = "shared", "shared", "{D6BFC1D8-DF0C-4CF0-9BAE-C78DD1C8D697}"
EndProject
Project("{D954291E-2A0B-460D-934E-DC6B0785DB48}") = "Aldsoft.Acord", "Aldsoft.Acord\Aldsoft.Acord.shproj", "{3E2C2DAF-8E9A-4ED3-9E87-3EBA95D597C8}"
EndProject
Project("{9A19103F-16F7-4668-BE54-9A1E7A4F7556}") = "Aldsoft.Acord.LA.Tests", "Aldsoft.Acord.LA.Tests\Aldsoft.Acord.LA.Tests.csproj", "{04D753AD-8759-4B6E-9089-E877E11A431C}"
EndProject
Project("{9A19103F-16F7-4668-BE54-9A1E7A4F7556}") = "Aldsoft.Acord.LA.2.33.00", "Aldsoft.Acord.LA.2.33.00\Aldsoft.Acord.LA.2.33.00.csproj", "{4551F36B-4404-4A52-9890-EE900FA52433}"
	ProjectSection(ProjectDependencies) = postProject
		{EC57A9FC-938A-45D3-97E0-08D00DE06392} = {EC57A9FC-938A-45D3-97E0-08D00DE06392}
	EndProjectSection
EndProject
Project("{9A19103F-16F7-4668-BE54-9A1E7A4F7556}") = "Aldsoft.Acord.LA.2.32.00", "Aldsoft.Acord.LA.2.32.00\Aldsoft.Acord.LA.2.32.00.csproj", "{8D7F856E-277F-47C7-8977-23BC0EA8486E}"
	ProjectSection(ProjectDependencies) = postProject
		{EC57A9FC-938A-45D3-97E0-08D00DE06392} = {EC57A9FC-938A-45D3-97E0-08D00DE06392}
	EndProjectSection
EndProject
Project("{9A19103F-16F7-4668-BE54-9A1E7A4F7556}") = "Aldsoft.Acord.LA.2.31.00", "Aldsoft.Acord.LA.2.31.00\Aldsoft.Acord.LA.2.31.00.csproj", "{0FFC28CE-F851-4E1F-AE46-0AD3675E6D36}"
	ProjectSection(ProjectDependencies) = postProject
		{EC57A9FC-938A-45D3-97E0-08D00DE06392} = {EC57A9FC-938A-45D3-97E0-08D00DE06392}
	EndProjectSection
EndProject
Project("{9A19103F-16F7-4668-BE54-9A1E7A4F7556}") = "Aldsoft.Acord.LA.2.30.00", "Aldsoft.Acord.LA.2.30.00\Aldsoft.Acord.LA.2.30.00.csproj", "{619D756A-B5E8-41C1-9458-FCE9CF92B5CD}"
	ProjectSection(ProjectDependencies) = postProject
		{EC57A9FC-938A-45D3-97E0-08D00DE06392} = {EC57A9FC-938A-45D3-97E0-08D00DE06392}
	EndProjectSection
EndProject
Project("{9A19103F-16F7-4668-BE54-9A1E7A4F7556}") = "Aldsoft.Acord.LA.2.29.00", "Aldsoft.Acord.LA.2.29.00\Aldsoft.Acord.LA.2.29.00.csproj", "{6EC638B1-764F-4BC6-9ED7-831C6B971126}"
	ProjectSection(ProjectDependencies) = postProject
		{EC57A9FC-938A-45D3-97E0-08D00DE06392} = {EC57A9FC-938A-45D3-97E0-08D00DE06392}
	EndProjectSection
EndProject
Project("{9A19103F-16F7-4668-BE54-9A1E7A4F7556}") = "Aldsoft.Acord.LA.2.28.00", "Aldsoft.Acord.LA.2.28.00\Aldsoft.Acord.LA.2.28.00.csproj", "{77FEF0B7-B8A3-4353-8B19-4706BB4F0388}"
	ProjectSection(ProjectDependencies) = postProject
		{EC57A9FC-938A-45D3-97E0-08D00DE06392} = {EC57A9FC-938A-45D3-97E0-08D00DE06392}
	EndProjectSection
EndProject
Project("{9A19103F-16F7-4668-BE54-9A1E7A4F7556}") = "Aldsoft.Acord.LA.2.27.00", "Aldsoft.Acord.LA.2.27.00\Aldsoft.Acord.LA.2.27.00.csproj", "{A279977E-3555-4071-B8EE-0C4EC720FA5B}"
	ProjectSection(ProjectDependencies) = postProject
		{EC57A9FC-938A-45D3-97E0-08D00DE06392} = {EC57A9FC-938A-45D3-97E0-08D00DE06392}
	EndProjectSection
EndProject
Project("{9A19103F-16F7-4668-BE54-9A1E7A4F7556}") = "Aldsoft.Acord.LA.2.26.00", "Aldsoft.Acord.LA.2.26.00\Aldsoft.Acord.LA.2.26.00.csproj", "{3621DEF5-4866-448F-B3F2-A4063252DCD5}"
	ProjectSection(ProjectDependencies) = postProject
		{EC57A9FC-938A-45D3-97E0-08D00DE06392} = {EC57A9FC-938A-45D3-97E0-08D00DE06392}
	EndProjectSection
EndProject
Project("{9A19103F-16F7-4668-BE54-9A1E7A4F7556}") = "Aldsoft.Acord.LA.2.25.00", "Aldsoft.Acord.LA.2.25.00\Aldsoft.Acord.LA.2.25.00.csproj", "{13D0DA8F-EDDF-45F1-9F73-C9EB8C6CD962}"
	ProjectSection(ProjectDependencies) = postProject
		{EC57A9FC-938A-45D3-97E0-08D00DE06392} = {EC57A9FC-938A-45D3-97E0-08D00DE06392}
	EndProjectSection
EndProject
Project("{9A19103F-16F7-4668-BE54-9A1E7A4F7556}") = "Aldsoft.Acord.LA.2.24.01", "Aldsoft.Acord.LA.2.24.01\Aldsoft.Acord.LA.2.24.01.csproj", "{E32B021E-5F82-40F8-AD9B-60EA3E032150}"
	ProjectSection(ProjectDependencies) = postProject
		{EC57A9FC-938A-45D3-97E0-08D00DE06392} = {EC57A9FC-938A-45D3-97E0-08D00DE06392}
	EndProjectSection
EndProject
Project("{9A19103F-16F7-4668-BE54-9A1E7A4F7556}") = "Aldsoft.Acord.LA.2.40.00", "Aldsoft.Acord.LA.2.40.00\Aldsoft.Acord.LA.2.40.00.csproj", "{D25C8348-8312-4D1F-BA05-A4C30037D1D2}"
EndProject
Project("{9A19103F-16F7-4668-BE54-9A1E7A4F7556}") = "Aldsoft.Acord.LA.2.38.00", "Aldsoft.Acord.LA.2.38.00\Aldsoft.Acord.LA.2.38.00.csproj", "{6735437C-5AA0-4767-8AFD-6718229B9D84}"
EndProject
Project("{9A19103F-16F7-4668-BE54-9A1E7A4F7556}") = "Aldsoft.Acord.LA.2.36.00", "Aldsoft.Acord.LA.2.36.00\Aldsoft.Acord.LA.2.36.00.csproj", "{3A2CAABD-85A2-4092-A373-740AFEF553E0}"
EndProject
Project("{9A19103F-16F7-4668-BE54-9A1E7A4F7556}") = "Aldsoft.Acord.LA.2.37.00", "Aldsoft.Acord.LA.2.37.00\Aldsoft.Acord.LA.2.37.00.csproj", "{4F856AEA-8BCD-49FE-9E82-6E20A45D83A0}"
EndProject
Global
	GlobalSection(SharedMSBuildProjectFiles) = preSolution
		Aldsoft.Acord.LA\Aldsoft.Acord.LA.projitems*{0ffc28ce-f851-4e1f-ae46-0ad3675e6d36}*SharedItemsImports = 4
		Aldsoft.Acord\Aldsoft.Acord.projitems*{0ffc28ce-f851-4e1f-ae46-0ad3675e6d36}*SharedItemsImports = 4
		Aldsoft.Acord.LA\Aldsoft.Acord.LA.projitems*{13d0da8f-eddf-45f1-9f73-c9eb8c6cd962}*SharedItemsImports = 4
		Aldsoft.Acord\Aldsoft.Acord.projitems*{13d0da8f-eddf-45f1-9f73-c9eb8c6cd962}*SharedItemsImports = 4
		Aldsoft.Acord.LA\Aldsoft.Acord.LA.projitems*{1410e97c-b48b-421e-b9a6-d4b4e84e947e}*SharedItemsImports = 13
		Aldsoft.Acord.LA\Aldsoft.Acord.LA.projitems*{142def4e-9b82-411f-a5d6-88d3db2cde29}*SharedItemsImports = 4
		Aldsoft.Acord\Aldsoft.Acord.projitems*{142def4e-9b82-411f-a5d6-88d3db2cde29}*SharedItemsImports = 4
		Aldsoft.Acord.LA\Aldsoft.Acord.LA.projitems*{3621def5-4866-448f-b3f2-a4063252dcd5}*SharedItemsImports = 4
		Aldsoft.Acord\Aldsoft.Acord.projitems*{3621def5-4866-448f-b3f2-a4063252dcd5}*SharedItemsImports = 4
		Aldsoft.Acord\Aldsoft.Acord.projitems*{386443b3-f660-45cc-8898-c5a14d7c637d}*SharedItemsImports = 4
		Aldsoft.Acord\Aldsoft.Acord.projitems*{3e2c2daf-8e9a-4ed3-9e87-3eba95d597c8}*SharedItemsImports = 13
		Aldsoft.Acord.LA\Aldsoft.Acord.LA.projitems*{4551f36b-4404-4a52-9890-ee900fa52433}*SharedItemsImports = 4
		Aldsoft.Acord\Aldsoft.Acord.projitems*{4551f36b-4404-4a52-9890-ee900fa52433}*SharedItemsImports = 4
		Aldsoft.Acord.LA\Aldsoft.Acord.LA.projitems*{5cf70991-57ed-4b7e-9734-9d76a90f0e2a}*SharedItemsImports = 4
		Aldsoft.Acord\Aldsoft.Acord.projitems*{5cf70991-57ed-4b7e-9734-9d76a90f0e2a}*SharedItemsImports = 4
		Aldsoft.Acord.LA\Aldsoft.Acord.LA.projitems*{619d756a-b5e8-41c1-9458-fce9cf92b5cd}*SharedItemsImports = 4
		Aldsoft.Acord\Aldsoft.Acord.projitems*{619d756a-b5e8-41c1-9458-fce9cf92b5cd}*SharedItemsImports = 4
		Aldsoft.Acord.LA\Aldsoft.Acord.LA.projitems*{6ec638b1-764f-4bc6-9ed7-831c6b971126}*SharedItemsImports = 4
		Aldsoft.Acord\Aldsoft.Acord.projitems*{6ec638b1-764f-4bc6-9ed7-831c6b971126}*SharedItemsImports = 4
		Aldsoft.Acord.LA\Aldsoft.Acord.LA.projitems*{77fef0b7-b8a3-4353-8b19-4706bb4f0388}*SharedItemsImports = 4
		Aldsoft.Acord\Aldsoft.Acord.projitems*{77fef0b7-b8a3-4353-8b19-4706bb4f0388}*SharedItemsImports = 4
		Aldsoft.Acord.LA\Aldsoft.Acord.LA.projitems*{8d7f856e-277f-47c7-8977-23bc0ea8486e}*SharedItemsImports = 4
		Aldsoft.Acord\Aldsoft.Acord.projitems*{8d7f856e-277f-47c7-8977-23bc0ea8486e}*SharedItemsImports = 4
		Aldsoft.Acord.LA\Aldsoft.Acord.LA.projitems*{a279977e-3555-4071-b8ee-0c4ec720fa5b}*SharedItemsImports = 4
		Aldsoft.Acord\Aldsoft.Acord.projitems*{a279977e-3555-4071-b8ee-0c4ec720fa5b}*SharedItemsImports = 4
		Aldsoft.Acord.LA\Aldsoft.Acord.LA.projitems*{e32b021e-5f82-40f8-ad9b-60ea3e032150}*SharedItemsImports = 4
		Aldsoft.Acord\Aldsoft.Acord.projitems*{e32b021e-5f82-40f8-ad9b-60ea3e032150}*SharedItemsImports = 4
	EndGlobalSection
	GlobalSection(SolutionConfigurationPlatforms) = preSolution
		Debug|Any CPU = Debug|Any CPU
		Release|Any CPU = Release|Any CPU
	EndGlobalSection
	GlobalSection(ProjectConfigurationPlatforms) = postSolution
		{386443B3-F660-45CC-8898-C5A14D7C637D}.Debug|Any CPU.ActiveCfg = Debug|Any CPU
		{386443B3-F660-45CC-8898-C5A14D7C637D}.Debug|Any CPU.Build.0 = Debug|Any CPU
		{386443B3-F660-45CC-8898-C5A14D7C637D}.Release|Any CPU.ActiveCfg = Release|Any CPU
		{386443B3-F660-45CC-8898-C5A14D7C637D}.Release|Any CPU.Build.0 = Release|Any CPU
		{5CF70991-57ED-4B7E-9734-9D76A90F0E2A}.Debug|Any CPU.ActiveCfg = Debug|Any CPU
		{5CF70991-57ED-4B7E-9734-9D76A90F0E2A}.Debug|Any CPU.Build.0 = Debug|Any CPU
		{5CF70991-57ED-4B7E-9734-9D76A90F0E2A}.Release|Any CPU.ActiveCfg = Release|Any CPU
		{5CF70991-57ED-4B7E-9734-9D76A90F0E2A}.Release|Any CPU.Build.0 = Release|Any CPU
		{142DEF4E-9B82-411F-A5D6-88D3DB2CDE29}.Debug|Any CPU.ActiveCfg = Debug|Any CPU
		{142DEF4E-9B82-411F-A5D6-88D3DB2CDE29}.Debug|Any CPU.Build.0 = Debug|Any CPU
		{142DEF4E-9B82-411F-A5D6-88D3DB2CDE29}.Release|Any CPU.ActiveCfg = Release|Any CPU
		{142DEF4E-9B82-411F-A5D6-88D3DB2CDE29}.Release|Any CPU.Build.0 = Release|Any CPU
		{EC57A9FC-938A-45D3-97E0-08D00DE06392}.Debug|Any CPU.ActiveCfg = Debug|Any CPU
		{EC57A9FC-938A-45D3-97E0-08D00DE06392}.Debug|Any CPU.Build.0 = Debug|Any CPU
		{EC57A9FC-938A-45D3-97E0-08D00DE06392}.Release|Any CPU.ActiveCfg = Release|Any CPU
		{EC57A9FC-938A-45D3-97E0-08D00DE06392}.Release|Any CPU.Build.0 = Release|Any CPU
		{04D753AD-8759-4B6E-9089-E877E11A431C}.Debug|Any CPU.ActiveCfg = Debug|Any CPU
		{04D753AD-8759-4B6E-9089-E877E11A431C}.Debug|Any CPU.Build.0 = Debug|Any CPU
		{04D753AD-8759-4B6E-9089-E877E11A431C}.Release|Any CPU.ActiveCfg = Release|Any CPU
		{04D753AD-8759-4B6E-9089-E877E11A431C}.Release|Any CPU.Build.0 = Release|Any CPU
		{4551F36B-4404-4A52-9890-EE900FA52433}.Debug|Any CPU.ActiveCfg = Debug|Any CPU
		{4551F36B-4404-4A52-9890-EE900FA52433}.Debug|Any CPU.Build.0 = Debug|Any CPU
		{4551F36B-4404-4A52-9890-EE900FA52433}.Release|Any CPU.ActiveCfg = Release|Any CPU
		{4551F36B-4404-4A52-9890-EE900FA52433}.Release|Any CPU.Build.0 = Release|Any CPU
		{8D7F856E-277F-47C7-8977-23BC0EA8486E}.Debug|Any CPU.ActiveCfg = Debug|Any CPU
		{8D7F856E-277F-47C7-8977-23BC0EA8486E}.Debug|Any CPU.Build.0 = Debug|Any CPU
		{8D7F856E-277F-47C7-8977-23BC0EA8486E}.Release|Any CPU.ActiveCfg = Release|Any CPU
		{8D7F856E-277F-47C7-8977-23BC0EA8486E}.Release|Any CPU.Build.0 = Release|Any CPU
		{0FFC28CE-F851-4E1F-AE46-0AD3675E6D36}.Debug|Any CPU.ActiveCfg = Debug|Any CPU
		{0FFC28CE-F851-4E1F-AE46-0AD3675E6D36}.Debug|Any CPU.Build.0 = Debug|Any CPU
		{0FFC28CE-F851-4E1F-AE46-0AD3675E6D36}.Release|Any CPU.ActiveCfg = Release|Any CPU
		{0FFC28CE-F851-4E1F-AE46-0AD3675E6D36}.Release|Any CPU.Build.0 = Release|Any CPU
		{619D756A-B5E8-41C1-9458-FCE9CF92B5CD}.Debug|Any CPU.ActiveCfg = Debug|Any CPU
		{619D756A-B5E8-41C1-9458-FCE9CF92B5CD}.Debug|Any CPU.Build.0 = Debug|Any CPU
		{619D756A-B5E8-41C1-9458-FCE9CF92B5CD}.Release|Any CPU.ActiveCfg = Release|Any CPU
		{619D756A-B5E8-41C1-9458-FCE9CF92B5CD}.Release|Any CPU.Build.0 = Release|Any CPU
		{6EC638B1-764F-4BC6-9ED7-831C6B971126}.Debug|Any CPU.ActiveCfg = Debug|Any CPU
		{6EC638B1-764F-4BC6-9ED7-831C6B971126}.Debug|Any CPU.Build.0 = Debug|Any CPU
		{6EC638B1-764F-4BC6-9ED7-831C6B971126}.Release|Any CPU.ActiveCfg = Release|Any CPU
		{6EC638B1-764F-4BC6-9ED7-831C6B971126}.Release|Any CPU.Build.0 = Release|Any CPU
		{77FEF0B7-B8A3-4353-8B19-4706BB4F0388}.Debug|Any CPU.ActiveCfg = Debug|Any CPU
		{77FEF0B7-B8A3-4353-8B19-4706BB4F0388}.Debug|Any CPU.Build.0 = Debug|Any CPU
		{77FEF0B7-B8A3-4353-8B19-4706BB4F0388}.Release|Any CPU.ActiveCfg = Release|Any CPU
		{77FEF0B7-B8A3-4353-8B19-4706BB4F0388}.Release|Any CPU.Build.0 = Release|Any CPU
		{A279977E-3555-4071-B8EE-0C4EC720FA5B}.Debug|Any CPU.ActiveCfg = Debug|Any CPU
		{A279977E-3555-4071-B8EE-0C4EC720FA5B}.Debug|Any CPU.Build.0 = Debug|Any CPU
		{A279977E-3555-4071-B8EE-0C4EC720FA5B}.Release|Any CPU.ActiveCfg = Release|Any CPU
		{A279977E-3555-4071-B8EE-0C4EC720FA5B}.Release|Any CPU.Build.0 = Release|Any CPU
		{3621DEF5-4866-448F-B3F2-A4063252DCD5}.Debug|Any CPU.ActiveCfg = Debug|Any CPU
		{3621DEF5-4866-448F-B3F2-A4063252DCD5}.Debug|Any CPU.Build.0 = Debug|Any CPU
		{3621DEF5-4866-448F-B3F2-A4063252DCD5}.Release|Any CPU.ActiveCfg = Release|Any CPU
		{3621DEF5-4866-448F-B3F2-A4063252DCD5}.Release|Any CPU.Build.0 = Release|Any CPU
		{13D0DA8F-EDDF-45F1-9F73-C9EB8C6CD962}.Debug|Any CPU.ActiveCfg = Debug|Any CPU
		{13D0DA8F-EDDF-45F1-9F73-C9EB8C6CD962}.Debug|Any CPU.Build.0 = Debug|Any CPU
		{13D0DA8F-EDDF-45F1-9F73-C9EB8C6CD962}.Release|Any CPU.ActiveCfg = Release|Any CPU
		{13D0DA8F-EDDF-45F1-9F73-C9EB8C6CD962}.Release|Any CPU.Build.0 = Release|Any CPU
		{E32B021E-5F82-40F8-AD9B-60EA3E032150}.Debug|Any CPU.ActiveCfg = Debug|Any CPU
		{E32B021E-5F82-40F8-AD9B-60EA3E032150}.Debug|Any CPU.Build.0 = Debug|Any CPU
		{E32B021E-5F82-40F8-AD9B-60EA3E032150}.Release|Any CPU.ActiveCfg = Release|Any CPU
		{E32B021E-5F82-40F8-AD9B-60EA3E032150}.Release|Any CPU.Build.0 = Release|Any CPU
		{D25C8348-8312-4D1F-BA05-A4C30037D1D2}.Debug|Any CPU.ActiveCfg = Debug|Any CPU
		{D25C8348-8312-4D1F-BA05-A4C30037D1D2}.Debug|Any CPU.Build.0 = Debug|Any CPU
		{D25C8348-8312-4D1F-BA05-A4C30037D1D2}.Release|Any CPU.ActiveCfg = Release|Any CPU
		{D25C8348-8312-4D1F-BA05-A4C30037D1D2}.Release|Any CPU.Build.0 = Release|Any CPU
		{6735437C-5AA0-4767-8AFD-6718229B9D84}.Debug|Any CPU.ActiveCfg = Debug|Any CPU
		{6735437C-5AA0-4767-8AFD-6718229B9D84}.Debug|Any CPU.Build.0 = Debug|Any CPU
		{6735437C-5AA0-4767-8AFD-6718229B9D84}.Release|Any CPU.ActiveCfg = Release|Any CPU
		{6735437C-5AA0-4767-8AFD-6718229B9D84}.Release|Any CPU.Build.0 = Release|Any CPU
		{3A2CAABD-85A2-4092-A373-740AFEF553E0}.Debug|Any CPU.ActiveCfg = Debug|Any CPU
		{3A2CAABD-85A2-4092-A373-740AFEF553E0}.Debug|Any CPU.Build.0 = Debug|Any CPU
		{3A2CAABD-85A2-4092-A373-740AFEF553E0}.Release|Any CPU.ActiveCfg = Release|Any CPU
		{3A2CAABD-85A2-4092-A373-740AFEF553E0}.Release|Any CPU.Build.0 = Release|Any CPU
		{4F856AEA-8BCD-49FE-9E82-6E20A45D83A0}.Debug|Any CPU.ActiveCfg = Debug|Any CPU
		{4F856AEA-8BCD-49FE-9E82-6E20A45D83A0}.Debug|Any CPU.Build.0 = Debug|Any CPU
		{4F856AEA-8BCD-49FE-9E82-6E20A45D83A0}.Release|Any CPU.ActiveCfg = Release|Any CPU
		{4F856AEA-8BCD-49FE-9E82-6E20A45D83A0}.Release|Any CPU.Build.0 = Release|Any CPU
	EndGlobalSection
	GlobalSection(SolutionProperties) = preSolution
		HideSolutionNode = FALSE
	EndGlobalSection
	GlobalSection(NestedProjects) = preSolution
		{386443B3-F660-45CC-8898-C5A14D7C637D} = {D6BFC1D8-DF0C-4CF0-9BAE-C78DD1C8D697}
		{5CF70991-57ED-4B7E-9734-9D76A90F0E2A} = {1AFF4004-3266-4742-A39E-EA5FBA1BE241}
		{142DEF4E-9B82-411F-A5D6-88D3DB2CDE29} = {1AFF4004-3266-4742-A39E-EA5FBA1BE241}
		{1410E97C-B48B-421E-B9A6-D4B4E84E947E} = {1AFF4004-3266-4742-A39E-EA5FBA1BE241}
		{EC57A9FC-938A-45D3-97E0-08D00DE06392} = {D6BFC1D8-DF0C-4CF0-9BAE-C78DD1C8D697}
		{3E2C2DAF-8E9A-4ED3-9E87-3EBA95D597C8} = {D6BFC1D8-DF0C-4CF0-9BAE-C78DD1C8D697}
		{04D753AD-8759-4B6E-9089-E877E11A431C} = {1AFF4004-3266-4742-A39E-EA5FBA1BE241}
		{4551F36B-4404-4A52-9890-EE900FA52433} = {1AFF4004-3266-4742-A39E-EA5FBA1BE241}
		{8D7F856E-277F-47C7-8977-23BC0EA8486E} = {1AFF4004-3266-4742-A39E-EA5FBA1BE241}
		{0FFC28CE-F851-4E1F-AE46-0AD3675E6D36} = {1AFF4004-3266-4742-A39E-EA5FBA1BE241}
		{619D756A-B5E8-41C1-9458-FCE9CF92B5CD} = {1AFF4004-3266-4742-A39E-EA5FBA1BE241}
		{6EC638B1-764F-4BC6-9ED7-831C6B971126} = {1AFF4004-3266-4742-A39E-EA5FBA1BE241}
		{77FEF0B7-B8A3-4353-8B19-4706BB4F0388} = {1AFF4004-3266-4742-A39E-EA5FBA1BE241}
		{A279977E-3555-4071-B8EE-0C4EC720FA5B} = {1AFF4004-3266-4742-A39E-EA5FBA1BE241}
		{3621DEF5-4866-448F-B3F2-A4063252DCD5} = {1AFF4004-3266-4742-A39E-EA5FBA1BE241}
		{13D0DA8F-EDDF-45F1-9F73-C9EB8C6CD962} = {1AFF4004-3266-4742-A39E-EA5FBA1BE241}
		{E32B021E-5F82-40F8-AD9B-60EA3E032150} = {1AFF4004-3266-4742-A39E-EA5FBA1BE241}
		{D25C8348-8312-4D1F-BA05-A4C30037D1D2} = {1AFF4004-3266-4742-A39E-EA5FBA1BE241}
		{6735437C-5AA0-4767-8AFD-6718229B9D84} = {1AFF4004-3266-4742-A39E-EA5FBA1BE241}
		{3A2CAABD-85A2-4092-A373-740AFEF553E0} = {1AFF4004-3266-4742-A39E-EA5FBA1BE241}
		{4F856AEA-8BCD-49FE-9E82-6E20A45D83A0} = {1AFF4004-3266-4742-A39E-EA5FBA1BE241}
	EndGlobalSection
	GlobalSection(ExtensibilityGlobals) = postSolution
		SolutionGuid = {0434868F-F1F1-4C77-8006-FF5716CEA3F9}
	EndGlobalSection
EndGlobal
